
Microsoft Visual Studio Solution File, Format Version 12.00
# Visual Studio 15
VisualStudioVersion = 15.0.26403.7
MinimumVisualStudioVersion = 10.0.40219.1
Project("{FAE04EC0-301F-11D3-BF4B-00C04F79EFBC}") = "Lokad.AzureEventStore", "Lokad.AzureEventStore\Lokad.AzureEventStore.csproj", "{2875E2DE-3473-4B2E-97FF-B2EC5222B007}"
EndProject
Project("{FAE04EC0-301F-11D3-BF4B-00C04F79EFBC}") = "Lokad.AzureEventStore.Test", "Lokad.AzureEventStore.Test\Lokad.AzureEventStore.Test.csproj", "{811D6FBE-D0EF-49E1-A4C8-E460157777EF}"
EndProject
Project("{FAE04EC0-301F-11D3-BF4B-00C04F79EFBC}") = "Lokad.AzureEventStore.Tool", "Lokad.AzureEventStore.Tool\Lokad.AzureEventStore.Tool.csproj", "{C617A1AC-A351-41B7-8C72-6B4C66F68AB1}"
EndProject
Project("{FAE04EC0-301F-11D3-BF4B-00C04F79EFBC}") = "ExampleProject", "ExampleProject\ExampleProject.csproj", "{5C24A74D-D2C0-4271-98AD-6DE5FEC988D9}"
EndProject
Project("{2150E333-8FDC-42A3-9474-1A3956D46DE8}") = "Solution Items", "Solution Items", "{9C9547B2-FB33-44CA-BA34-45942BE467B6}"
	ProjectSection(SolutionItems) = preProject
		README.md = README.md
	EndProjectSection
EndProject
Global
	GlobalSection(SolutionConfigurationPlatforms) = preSolution
		Debug|Any CPU = Debug|Any CPU
		Release|Any CPU = Release|Any CPU
	EndGlobalSection
	GlobalSection(ProjectConfigurationPlatforms) = postSolution
		{2875E2DE-3473-4B2E-97FF-B2EC5222B007}.Debug|Any CPU.ActiveCfg = Debug|Any CPU
		{2875E2DE-3473-4B2E-97FF-B2EC5222B007}.Debug|Any CPU.Build.0 = Debug|Any CPU
		{2875E2DE-3473-4B2E-97FF-B2EC5222B007}.Release|Any CPU.ActiveCfg = Release|Any CPU
		{2875E2DE-3473-4B2E-97FF-B2EC5222B007}.Release|Any CPU.Build.0 = Release|Any CPU
		{811D6FBE-D0EF-49E1-A4C8-E460157777EF}.Debug|Any CPU.ActiveCfg = Debug|Any CPU
		{811D6FBE-D0EF-49E1-A4C8-E460157777EF}.Debug|Any CPU.Build.0 = Debug|Any CPU
		{811D6FBE-D0EF-49E1-A4C8-E460157777EF}.Release|Any CPU.ActiveCfg = Release|Any CPU
		{811D6FBE-D0EF-49E1-A4C8-E460157777EF}.Release|Any CPU.Build.0 = Release|Any CPU
		{C617A1AC-A351-41B7-8C72-6B4C66F68AB1}.Debug|Any CPU.ActiveCfg = Debug|Any CPU
		{C617A1AC-A351-41B7-8C72-6B4C66F68AB1}.Debug|Any CPU.Build.0 = Debug|Any CPU
		{C617A1AC-A351-41B7-8C72-6B4C66F68AB1}.Release|Any CPU.ActiveCfg = Release|Any CPU
		{C617A1AC-A351-41B7-8C72-6B4C66F68AB1}.Release|Any CPU.Build.0 = Release|Any CPU
		{5C24A74D-D2C0-4271-98AD-6DE5FEC988D9}.Debug|Any CPU.ActiveCfg = Debug|Any CPU
		{5C24A74D-D2C0-4271-98AD-6DE5FEC988D9}.Debug|Any CPU.Build.0 = Debug|Any CPU
		{5C24A74D-D2C0-4271-98AD-6DE5FEC988D9}.Release|Any CPU.ActiveCfg = Release|Any CPU
		{5C24A74D-D2C0-4271-98AD-6DE5FEC988D9}.Release|Any CPU.Build.0 = Release|Any CPU
	EndGlobalSection
	GlobalSection(SolutionProperties) = preSolution
		HideSolutionNode = FALSE
	EndGlobalSection
EndGlobal
